
Microsoft Visual Studio Solution File, Format Version 12.00
# Visual Studio 15
VisualStudioVersion = 15.0.28010.2026
MinimumVisualStudioVersion = 10.0.40219.1
Project("{FAE04EC0-301F-11D3-BF4B-00C04F79EFBC}") = "CsToMd", "CsToMd\CsToMd.csproj", "{5EA1D734-2D4D-4C9E-8B69-A19A05964AFC}"
EndProject
Project("{FAE04EC0-301F-11D3-BF4B-00C04F79EFBC}") = "CsToMdTest", "CsToMdTest\CsToMdTest.csproj", "{74701D22-ED6B-4405-91AF-EA349A9D3A4D}"
EndProject
Global
	GlobalSection(SolutionConfigurationPlatforms) = preSolution
		Debug|Any CPU = Debug|Any CPU
		Release|Any CPU = Release|Any CPU
	EndGlobalSection
	GlobalSection(ProjectConfigurationPlatforms) = postSolution
		{5EA1D734-2D4D-4C9E-8B69-A19A05964AFC}.Debug|Any CPU.ActiveCfg = Debug|Any CPU
		{5EA1D734-2D4D-4C9E-8B69-A19A05964AFC}.Debug|Any CPU.Build.0 = Debug|Any CPU
		{5EA1D734-2D4D-4C9E-8B69-A19A05964AFC}.Release|Any CPU.ActiveCfg = Release|Any CPU
		{5EA1D734-2D4D-4C9E-8B69-A19A05964AFC}.Release|Any CPU.Build.0 = Release|Any CPU
		{74701D22-ED6B-4405-91AF-EA349A9D3A4D}.Debug|Any CPU.ActiveCfg = Debug|Any CPU
		{74701D22-ED6B-4405-91AF-EA349A9D3A4D}.Debug|Any CPU.Build.0 = Debug|Any CPU
		{74701D22-ED6B-4405-91AF-EA349A9D3A4D}.Release|Any CPU.ActiveCfg = Release|Any CPU
		{74701D22-ED6B-4405-91AF-EA349A9D3A4D}.Release|Any CPU.Build.0 = Release|Any CPU
	EndGlobalSection
	GlobalSection(SolutionProperties) = preSolution
		HideSolutionNode = FALSE
	EndGlobalSection
	GlobalSection(ExtensibilityGlobals) = postSolution
		SolutionGuid = {789049DF-B8C1-445E-9025-F1220A1C765A}
	EndGlobalSection
EndGlobal
